// !$*UTF8*$!
{
	archiveVersion = 1;
	classes = {
	};
	objectVersion = 52;
	objects = {

/* Begin PBXBuildFile section */
		954002862566931A000C89D6 /* AppDelegate.swift in Sources */ = {isa = PBXBuildFile; fileRef = 954002852566931A000C89D6 /* AppDelegate.swift */; };
		954002882566931A000C89D6 /* SceneDelegate.swift in Sources */ = {isa = PBXBuildFile; fileRef = 954002872566931A000C89D6 /* SceneDelegate.swift */; };
		9540028A2566931A000C89D6 /* ContentView.swift in Sources */ = {isa = PBXBuildFile; fileRef = 954002892566931A000C89D6 /* ContentView.swift */; };
		9540028C2566931C000C89D6 /* Assets.xcassets in Resources */ = {isa = PBXBuildFile; fileRef = 9540028B2566931C000C89D6 /* Assets.xcassets */; };
		9540028F2566931C000C89D6 /* Preview Assets.xcassets in Resources */ = {isa = PBXBuildFile; fileRef = 9540028E2566931C000C89D6 /* Preview Assets.xcassets */; };
		954002922566931C000C89D6 /* LaunchScreen.storyboard in Resources */ = {isa = PBXBuildFile; fileRef = 954002902566931C000C89D6 /* LaunchScreen.storyboard */; };
		954002A1256693D0000C89D6 /* Movie.swift in Sources */ = {isa = PBXBuildFile; fileRef = 954002A0256693D0000C89D6 /* Movie.swift */; };
		954002A5256693DA000C89D6 /* MovieList.swift in Sources */ = {isa = PBXBuildFile; fileRef = 954002A4256693DA000C89D6 /* MovieList.swift */; };
		954002A825669419000C89D6 /* MovieRow.swift in Sources */ = {isa = PBXBuildFile; fileRef = 954002A725669419000C89D6 /* MovieRow.swift */; };
		954002AB25669423000C89D6 /* MovieDetails.swift in Sources */ = {isa = PBXBuildFile; fileRef = 954002AA25669423000C89D6 /* MovieDetails.swift */; };
		954002AE2566943B000C89D6 /* MovieViewModel.swift in Sources */ = {isa = PBXBuildFile; fileRef = 954002AD2566943B000C89D6 /* MovieViewModel.swift */; };
		954002B12566944B000C89D6 /* APIService.swift in Sources */ = {isa = PBXBuildFile; fileRef = 954002B02566944B000C89D6 /* APIService.swift */; };
		954002B425669458000C89D6 /* ServiceProtocol.swift in Sources */ = {isa = PBXBuildFile; fileRef = 954002B325669458000C89D6 /* ServiceProtocol.swift */; };
		954002B825669537000C89D6 /* Alamofire in Frameworks */ = {isa = PBXBuildFile; productRef = 954002B725669537000C89D6 /* Alamofire */; };
		954002BC25669554000C89D6 /* URLImage in Frameworks */ = {isa = PBXBuildFile; productRef = 954002BB25669554000C89D6 /* URLImage */; };
		954002BF256698CC000C89D6 /* ActivityIndicator.swift in Sources */ = {isa = PBXBuildFile; fileRef = 954002BE256698CC000C89D6 /* ActivityIndicator.swift */; };
		95CDCE58265D00B10092F540 /* MoviesTests.swift in Sources */ = {isa = PBXBuildFile; fileRef = 95CDCE57265D00B10092F540 /* MoviesTests.swift */; };
		95CDCE69265D01180092F540 /* MoviesListTests.swift in Sources */ = {isa = PBXBuildFile; fileRef = 95CDCE67265D01180092F540 /* MoviesListTests.swift */; };
		95CDCE6E265D01360092F540 /* MockMovie.swift in Sources */ = {isa = PBXBuildFile; fileRef = 95CDCE6C265D01360092F540 /* MockMovie.swift */; };
		95CDCE74265D01670092F540 /* MockService.swift in Sources */ = {isa = PBXBuildFile; fileRef = 95CDCE72265D01670092F540 /* MockService.swift */; };
		95CDCE7B265D01970092F540 /* MoviesViewModelTests.swift in Sources */ = {isa = PBXBuildFile; fileRef = 95CDCE79265D01970092F540 /* MoviesViewModelTests.swift */; };
		95CDCE93265D04000092F540 /* Movie.swift in Sources */ = {isa = PBXBuildFile; fileRef = 954002A0256693D0000C89D6 /* Movie.swift */; };
		95CDCE96265D04030092F540 /* MovieList.swift in Sources */ = {isa = PBXBuildFile; fileRef = 954002A4256693DA000C89D6 /* MovieList.swift */; };
		95CDCE99265D04060092F540 /* ServiceProtocol.swift in Sources */ = {isa = PBXBuildFile; fileRef = 954002B325669458000C89D6 /* ServiceProtocol.swift */; };
		95CDCE9C265D040F0092F540 /* APIService.swift in Sources */ = {isa = PBXBuildFile; fileRef = 954002B02566944B000C89D6 /* APIService.swift */; };
		95CDCE9F265D04110092F540 /* MovieViewModel.swift in Sources */ = {isa = PBXBuildFile; fileRef = 954002AD2566943B000C89D6 /* MovieViewModel.swift */; };
/* End PBXBuildFile section */

/* Begin PBXContainerItemProxy section */
		95CDCE5A265D00B10092F540 /* PBXContainerItemProxy */ = {
			isa = PBXContainerItemProxy;
			containerPortal = 9540027A2566931A000C89D6 /* Project object */;
			proxyType = 1;
			remoteGlobalIDString = 954002812566931A000C89D6;
			remoteInfo = iMovies;
		};
/* End PBXContainerItemProxy section */

/* Begin PBXFileReference section */
		954002822566931A000C89D6 /* iMovies.app */ = {isa = PBXFileReference; explicitFileType = wrapper.application; includeInIndex = 0; path = iMovies.app; sourceTree = BUILT_PRODUCTS_DIR; };
		954002852566931A000C89D6 /* AppDelegate.swift */ = {isa = PBXFileReference; lastKnownFileType = sourcecode.swift; path = AppDelegate.swift; sourceTree = "<group>"; };
		954002872566931A000C89D6 /* SceneDelegate.swift */ = {isa = PBXFileReference; lastKnownFileType = sourcecode.swift; path = SceneDelegate.swift; sourceTree = "<group>"; };
		954002892566931A000C89D6 /* ContentView.swift */ = {isa = PBXFileReference; lastKnownFileType = sourcecode.swift; path = ContentView.swift; sourceTree = "<group>"; };
		9540028B2566931C000C89D6 /* Assets.xcassets */ = {isa = PBXFileReference; lastKnownFileType = folder.assetcatalog; path = Assets.xcassets; sourceTree = "<group>"; };
		9540028E2566931C000C89D6 /* Preview Assets.xcassets */ = {isa = PBXFileReference; lastKnownFileType = folder.assetcatalog; path = "Preview Assets.xcassets"; sourceTree = "<group>"; };
		954002912566931C000C89D6 /* Base */ = {isa = PBXFileReference; lastKnownFileType = file.storyboard; name = Base; path = Base.lproj/LaunchScreen.storyboard; sourceTree = "<group>"; };
		954002932566931C000C89D6 /* Info.plist */ = {isa = PBXFileReference; lastKnownFileType = text.plist.xml; path = Info.plist; sourceTree = "<group>"; };
		954002A0256693D0000C89D6 /* Movie.swift */ = {isa = PBXFileReference; lastKnownFileType = sourcecode.swift; path = Movie.swift; sourceTree = "<group>"; };
		954002A4256693DA000C89D6 /* MovieList.swift */ = {isa = PBXFileReference; lastKnownFileType = sourcecode.swift; path = MovieList.swift; sourceTree = "<group>"; };
		954002A725669419000C89D6 /* MovieRow.swift */ = {isa = PBXFileReference; lastKnownFileType = sourcecode.swift; path = MovieRow.swift; sourceTree = "<group>"; };
		954002AA25669423000C89D6 /* MovieDetails.swift */ = {isa = PBXFileReference; lastKnownFileType = sourcecode.swift; path = MovieDetails.swift; sourceTree = "<group>"; };
		954002AD2566943B000C89D6 /* MovieViewModel.swift */ = {isa = PBXFileReference; lastKnownFileType = sourcecode.swift; path = MovieViewModel.swift; sourceTree = "<group>"; };
		954002B02566944B000C89D6 /* APIService.swift */ = {isa = PBXFileReference; lastKnownFileType = sourcecode.swift; path = APIService.swift; sourceTree = "<group>"; };
		954002B325669458000C89D6 /* ServiceProtocol.swift */ = {isa = PBXFileReference; lastKnownFileType = sourcecode.swift; path = ServiceProtocol.swift; sourceTree = "<group>"; };
		954002BE256698CC000C89D6 /* ActivityIndicator.swift */ = {isa = PBXFileReference; lastKnownFileType = sourcecode.swift; path = ActivityIndicator.swift; sourceTree = "<group>"; };
		95CDCE55265D00B10092F540 /* MoviesTests.xctest */ = {isa = PBXFileReference; explicitFileType = wrapper.cfbundle; includeInIndex = 0; path = MoviesTests.xctest; sourceTree = BUILT_PRODUCTS_DIR; };
		95CDCE57265D00B10092F540 /* MoviesTests.swift */ = {isa = PBXFileReference; lastKnownFileType = sourcecode.swift; path = MoviesTests.swift; sourceTree = "<group>"; };
		95CDCE59265D00B10092F540 /* Info.plist */ = {isa = PBXFileReference; lastKnownFileType = text.plist.xml; path = Info.plist; sourceTree = "<group>"; };
		95CDCE67265D01180092F540 /* MoviesListTests.swift */ = {isa = PBXFileReference; lastKnownFileType = sourcecode.swift; path = MoviesListTests.swift; sourceTree = "<group>"; };
		95CDCE6C265D01360092F540 /* MockMovie.swift */ = {isa = PBXFileReference; lastKnownFileType = sourcecode.swift; path = MockMovie.swift; sourceTree = "<group>"; };
		95CDCE72265D01670092F540 /* MockService.swift */ = {isa = PBXFileReference; lastKnownFileType = sourcecode.swift; path = MockService.swift; sourceTree = "<group>"; };
		95CDCE79265D01970092F540 /* MoviesViewModelTests.swift */ = {isa = PBXFileReference; lastKnownFileType = sourcecode.swift; path = MoviesViewModelTests.swift; sourceTree = "<group>"; };
/* End PBXFileReference section */

/* Begin PBXFrameworksBuildPhase section */
		9540027F2566931A000C89D6 /* Frameworks */ = {
			isa = PBXFrameworksBuildPhase;
			buildActionMask = 2147483647;
			files = (
				954002BC25669554000C89D6 /* URLImage in Frameworks */,
				954002B825669537000C89D6 /* Alamofire in Frameworks */,
			);
			runOnlyForDeploymentPostprocessing = 0;
		};
		95CDCE52265D00B10092F540 /* Frameworks */ = {
			isa = PBXFrameworksBuildPhase;
			buildActionMask = 2147483647;
			files = (
			);
			runOnlyForDeploymentPostprocessing = 0;
		};
/* End PBXFrameworksBuildPhase section */

/* Begin PBXGroup section */
		954002792566931A000C89D6 = {
			isa = PBXGroup;
			children = (
				954002842566931A000C89D6 /* iMovies */,
				95CDCE56265D00B10092F540 /* MoviesTests */,
				954002832566931A000C89D6 /* Products */,
			);
			sourceTree = "<group>";
		};
		954002832566931A000C89D6 /* Products */ = {
			isa = PBXGroup;
			children = (
				954002822566931A000C89D6 /* iMovies.app */,
				95CDCE55265D00B10092F540 /* MoviesTests.xctest */,
			);
			name = Products;
			sourceTree = "<group>";
		};
		954002842566931A000C89D6 /* iMovies */ = {
			isa = PBXGroup;
			children = (
				9540029F25669386000C89D6 /* ViewModel */,
				9540029E2566937A000C89D6 /* Models */,
				9540029D2566936E000C89D6 /* Views */,
				9540029A2566932D000C89D6 /* Resources */,
				9540028D2566931C000C89D6 /* Preview Content */,
			);
			path = iMovies;
			sourceTree = "<group>";
		};
		9540028D2566931C000C89D6 /* Preview Content */ = {
			isa = PBXGroup;
			children = (
				9540028E2566931C000C89D6 /* Preview Assets.xcassets */,
			);
			path = "Preview Content";
			sourceTree = "<group>";
		};
		9540029A2566932D000C89D6 /* Resources */ = {
			isa = PBXGroup;
			children = (
				954002852566931A000C89D6 /* AppDelegate.swift */,
				954002872566931A000C89D6 /* SceneDelegate.swift */,
				9540028B2566931C000C89D6 /* Assets.xcassets */,
				954002902566931C000C89D6 /* LaunchScreen.storyboard */,
				954002932566931C000C89D6 /* Info.plist */,
			);
			path = Resources;
			sourceTree = "<group>";
		};
		9540029D2566936E000C89D6 /* Views */ = {
			isa = PBXGroup;
			children = (
				954002892566931A000C89D6 /* ContentView.swift */,
				954002A725669419000C89D6 /* MovieRow.swift */,
				954002AA25669423000C89D6 /* MovieDetails.swift */,
				954002BE256698CC000C89D6 /* ActivityIndicator.swift */,
			);
			path = Views;
			sourceTree = "<group>";
		};
		9540029E2566937A000C89D6 /* Models */ = {
			isa = PBXGroup;
			children = (
				954002A4256693DA000C89D6 /* MovieList.swift */,
				954002A0256693D0000C89D6 /* Movie.swift */,
			);
			path = Models;
			sourceTree = "<group>";
		};
		9540029F25669386000C89D6 /* ViewModel */ = {
			isa = PBXGroup;
			children = (
				954002AD2566943B000C89D6 /* MovieViewModel.swift */,
				954002B02566944B000C89D6 /* APIService.swift */,
				954002B325669458000C89D6 /* ServiceProtocol.swift */,
			);
			path = ViewModel;
			sourceTree = "<group>";
		};
		95CDCE56265D00B10092F540 /* MoviesTests */ = {
			isa = PBXGroup;
			children = (
				95CDCE71265D014C0092F540 /* ViewModel */,
				95CDCE64265D00E60092F540 /* Model */,
				95CDCE59265D00B10092F540 /* Info.plist */,
				95CDCE6C265D01360092F540 /* MockMovie.swift */,
			);
			path = MoviesTests;
			sourceTree = "<group>";
		};
		95CDCE64265D00E60092F540 /* Model */ = {
			isa = PBXGroup;
			children = (
				95CDCE57265D00B10092F540 /* MoviesTests.swift */,
				95CDCE67265D01180092F540 /* MoviesListTests.swift */,
			);
			path = Model;
			sourceTree = "<group>";
		};
		95CDCE71265D014C0092F540 /* ViewModel */ = {
			isa = PBXGroup;
			children = (
				95CDCE72265D01670092F540 /* MockService.swift */,
				95CDCE79265D01970092F540 /* MoviesViewModelTests.swift */,
			);
			path = ViewModel;
			sourceTree = "<group>";
		};
/* End PBXGroup section */

/* Begin PBXNativeTarget section */
		954002812566931A000C89D6 /* iMovies */ = {
			isa = PBXNativeTarget;
			buildConfigurationList = 954002962566931C000C89D6 /* Build configuration list for PBXNativeTarget "iMovies" */;
			buildPhases = (
				9540027E2566931A000C89D6 /* Sources */,
				9540027F2566931A000C89D6 /* Frameworks */,
				954002802566931A000C89D6 /* Resources */,
			);
			buildRules = (
			);
			dependencies = (
			);
			name = iMovies;
			packageProductDependencies = (
				954002B725669537000C89D6 /* Alamofire */,
				954002BB25669554000C89D6 /* URLImage */,
			);
			productName = iMovies;
			productReference = 954002822566931A000C89D6 /* iMovies.app */;
			productType = "com.apple.product-type.application";
		};
		95CDCE54265D00B10092F540 /* MoviesTests */ = {
			isa = PBXNativeTarget;
			buildConfigurationList = 95CDCE5C265D00B20092F540 /* Build configuration list for PBXNativeTarget "MoviesTests" */;
			buildPhases = (
				95CDCE51265D00B10092F540 /* Sources */,
				95CDCE52265D00B10092F540 /* Frameworks */,
				95CDCE53265D00B10092F540 /* Resources */,
			);
			buildRules = (
			);
			dependencies = (
				95CDCE5B265D00B10092F540 /* PBXTargetDependency */,
			);
			name = MoviesTests;
			productName = MoviesTests;
			productReference = 95CDCE55265D00B10092F540 /* MoviesTests.xctest */;
			productType = "com.apple.product-type.bundle.unit-test";
		};
/* End PBXNativeTarget section */

/* Begin PBXProject section */
		9540027A2566931A000C89D6 /* Project object */ = {
			isa = PBXProject;
			attributes = {
				LastSwiftUpdateCheck = 1240;
				LastUpgradeCheck = 1210;
				TargetAttributes = {
					954002812566931A000C89D6 = {
						CreatedOnToolsVersion = 12.1;
					};
					95CDCE54265D00B10092F540 = {
						CreatedOnToolsVersion = 12.4;
						TestTargetID = 954002812566931A000C89D6;
					};
				};
			};
			buildConfigurationList = 9540027D2566931A000C89D6 /* Build configuration list for PBXProject "iMovies" */;
			compatibilityVersion = "Xcode 9.3";
			developmentRegion = en;
			hasScannedForEncodings = 0;
			knownRegions = (
				en,
				Base,
			);
			mainGroup = 954002792566931A000C89D6;
			packageReferences = (
				954002B625669537000C89D6 /* XCRemoteSwiftPackageReference "Alamofire" */,
				954002BA25669554000C89D6 /* XCRemoteSwiftPackageReference "url-image" */,
			);
			productRefGroup = 954002832566931A000C89D6 /* Products */;
			projectDirPath = "";
			projectRoot = "";
			targets = (
				954002812566931A000C89D6 /* iMovies */,
				95CDCE54265D00B10092F540 /* MoviesTests */,
			);
		};
/* End PBXProject section */

/* Begin PBXResourcesBuildPhase section */
		954002802566931A000C89D6 /* Resources */ = {
			isa = PBXResourcesBuildPhase;
			buildActionMask = 2147483647;
			files = (
				954002922566931C000C89D6 /* LaunchScreen.storyboard in Resources */,
				9540028F2566931C000C89D6 /* Preview Assets.xcassets in Resources */,
				9540028C2566931C000C89D6 /* Assets.xcassets in Resources */,
			);
			runOnlyForDeploymentPostprocessing = 0;
		};
		95CDCE53265D00B10092F540 /* Resources */ = {
			isa = PBXResourcesBuildPhase;
			buildActionMask = 2147483647;
			files = (
			);
			runOnlyForDeploymentPostprocessing = 0;
		};
/* End PBXResourcesBuildPhase section */

/* Begin PBXSourcesBuildPhase section */
		9540027E2566931A000C89D6 /* Sources */ = {
			isa = PBXSourcesBuildPhase;
			buildActionMask = 2147483647;
			files = (
				954002862566931A000C89D6 /* AppDelegate.swift in Sources */,
				954002AB25669423000C89D6 /* MovieDetails.swift in Sources */,
				954002A825669419000C89D6 /* MovieRow.swift in Sources */,
				954002AE2566943B000C89D6 /* MovieViewModel.swift in Sources */,
				954002882566931A000C89D6 /* SceneDelegate.swift in Sources */,
				954002BF256698CC000C89D6 /* ActivityIndicator.swift in Sources */,
				954002A1256693D0000C89D6 /* Movie.swift in Sources */,
				954002A5256693DA000C89D6 /* MovieList.swift in Sources */,
				954002B12566944B000C89D6 /* APIService.swift in Sources */,
				9540028A2566931A000C89D6 /* ContentView.swift in Sources */,
				954002B425669458000C89D6 /* ServiceProtocol.swift in Sources */,
			);
			runOnlyForDeploymentPostprocessing = 0;
		};
		95CDCE51265D00B10092F540 /* Sources */ = {
			isa = PBXSourcesBuildPhase;
			buildActionMask = 2147483647;
			files = (
				95CDCE7B265D01970092F540 /* MoviesViewModelTests.swift in Sources */,
				95CDCE9F265D04110092F540 /* MovieViewModel.swift in Sources */,
				95CDCE6E265D01360092F540 /* MockMovie.swift in Sources */,
				95CDCE93265D04000092F540 /* Movie.swift in Sources */,
				95CDCE99265D04060092F540 /* ServiceProtocol.swift in Sources */,
				95CDCE69265D01180092F540 /* MoviesListTests.swift in Sources */,
				95CDCE58265D00B10092F540 /* MoviesTests.swift in Sources */,
				95CDCE74265D01670092F540 /* MockService.swift in Sources */,
				95CDCE9C265D040F0092F540 /* APIService.swift in Sources */,
				95CDCE96265D04030092F540 /* MovieList.swift in Sources */,
			);
			runOnlyForDeploymentPostprocessing = 0;
		};
/* End PBXSourcesBuildPhase section */

/* Begin PBXTargetDependency section */
		95CDCE5B265D00B10092F540 /* PBXTargetDependency */ = {
			isa = PBXTargetDependency;
			target = 954002812566931A000C89D6 /* iMovies */;
			targetProxy = 95CDCE5A265D00B10092F540 /* PBXContainerItemProxy */;
		};
/* End PBXTargetDependency section */

/* Begin PBXVariantGroup section */
		954002902566931C000C89D6 /* LaunchScreen.storyboard */ = {
			isa = PBXVariantGroup;
			children = (
				954002912566931C000C89D6 /* Base */,
			);
			name = LaunchScreen.storyboard;
			sourceTree = "<group>";
		};
/* End PBXVariantGroup section */

/* Begin XCBuildConfiguration section */
		954002942566931C000C89D6 /* Debug */ = {
			isa = XCBuildConfiguration;
			buildSettings = {
				ALWAYS_SEARCH_USER_PATHS = NO;
				CLANG_ANALYZER_NONNULL = YES;
				CLANG_ANALYZER_NUMBER_OBJECT_CONVERSION = YES_AGGRESSIVE;
				CLANG_CXX_LANGUAGE_STANDARD = "gnu++14";
				CLANG_CXX_LIBRARY = "libc++";
				CLANG_ENABLE_MODULES = YES;
				CLANG_ENABLE_OBJC_ARC = YES;
				CLANG_ENABLE_OBJC_WEAK = YES;
				CLANG_WARN_BLOCK_CAPTURE_AUTORELEASING = YES;
				CLANG_WARN_BOOL_CONVERSION = YES;
				CLANG_WARN_COMMA = YES;
				CLANG_WARN_CONSTANT_CONVERSION = YES;
				CLANG_WARN_DEPRECATED_OBJC_IMPLEMENTATIONS = YES;
				CLANG_WARN_DIRECT_OBJC_ISA_USAGE = YES_ERROR;
				CLANG_WARN_DOCUMENTATION_COMMENTS = YES;
				CLANG_WARN_EMPTY_BODY = YES;
				CLANG_WARN_ENUM_CONVERSION = YES;
				CLANG_WARN_INFINITE_RECURSION = YES;
				CLANG_WARN_INT_CONVERSION = YES;
				CLANG_WARN_NON_LITERAL_NULL_CONVERSION = YES;
				CLANG_WARN_OBJC_IMPLICIT_RETAIN_SELF = YES;
				CLANG_WARN_OBJC_LITERAL_CONVERSION = YES;
				CLANG_WARN_OBJC_ROOT_CLASS = YES_ERROR;
				CLANG_WARN_QUOTED_INCLUDE_IN_FRAMEWORK_HEADER = YES;
				CLANG_WARN_RANGE_LOOP_ANALYSIS = YES;
				CLANG_WARN_STRICT_PROTOTYPES = YES;
				CLANG_WARN_SUSPICIOUS_MOVE = YES;
				CLANG_WARN_UNGUARDED_AVAILABILITY = YES_AGGRESSIVE;
				CLANG_WARN_UNREACHABLE_CODE = YES;
				CLANG_WARN__DUPLICATE_METHOD_MATCH = YES;
				COPY_PHASE_STRIP = NO;
				DEBUG_INFORMATION_FORMAT = dwarf;
				ENABLE_STRICT_OBJC_MSGSEND = YES;
				ENABLE_TESTABILITY = YES;
				GCC_C_LANGUAGE_STANDARD = gnu11;
				GCC_DYNAMIC_NO_PIC = NO;
				GCC_NO_COMMON_BLOCKS = YES;
				GCC_OPTIMIZATION_LEVEL = 0;
				GCC_PREPROCESSOR_DEFINITIONS = (
					"DEBUG=1",
					"$(inherited)",
				);
				GCC_WARN_64_TO_32_BIT_CONVERSION = YES;
				GCC_WARN_ABOUT_RETURN_TYPE = YES_ERROR;
				GCC_WARN_UNDECLARED_SELECTOR = YES;
				GCC_WARN_UNINITIALIZED_AUTOS = YES_AGGRESSIVE;
				GCC_WARN_UNUSED_FUNCTION = YES;
				GCC_WARN_UNUSED_VARIABLE = YES;
				IPHONEOS_DEPLOYMENT_TARGET = 14.1;
				MTL_ENABLE_DEBUG_INFO = INCLUDE_SOURCE;
				MTL_FAST_MATH = YES;
				ONLY_ACTIVE_ARCH = YES;
				SDKROOT = iphoneos;
				SWIFT_ACTIVE_COMPILATION_CONDITIONS = DEBUG;
				SWIFT_OPTIMIZATION_LEVEL = "-Onone";
			};
			name = Debug;
		};
		954002952566931C000C89D6 /* Release */ = {
			isa = XCBuildConfiguration;
			buildSettings = {
				ALWAYS_SEARCH_USER_PATHS = NO;
				CLANG_ANALYZER_NONNULL = YES;
				CLANG_ANALYZER_NUMBER_OBJECT_CONVERSION = YES_AGGRESSIVE;
				CLANG_CXX_LANGUAGE_STANDARD = "gnu++14";
				CLANG_CXX_LIBRARY = "libc++";
				CLANG_ENABLE_MODULES = YES;
				CLANG_ENABLE_OBJC_ARC = YES;
				CLANG_ENABLE_OBJC_WEAK = YES;
				CLANG_WARN_BLOCK_CAPTURE_AUTORELEASING = YES;
				CLANG_WARN_BOOL_CONVERSION = YES;
				CLANG_WARN_COMMA = YES;
				CLANG_WARN_CONSTANT_CONVERSION = YES;
				CLANG_WARN_DEPRECATED_OBJC_IMPLEMENTATIONS = YES;
				CLANG_WARN_DIRECT_OBJC_ISA_USAGE = YES_ERROR;
				CLANG_WARN_DOCUMENTATION_COMMENTS = YES;
				CLANG_WARN_EMPTY_BODY = YES;
				CLANG_WARN_ENUM_CONVERSION = YES;
				CLANG_WARN_INFINITE_RECURSION = YES;
				CLANG_WARN_INT_CONVERSION = YES;
				CLANG_WARN_NON_LITERAL_NULL_CONVERSION = YES;
				CLANG_WARN_OBJC_IMPLICIT_RETAIN_SELF = YES;
				CLANG_WARN_OBJC_LITERAL_CONVERSION = YES;
				CLANG_WARN_OBJC_ROOT_CLASS = YES_ERROR;
				CLANG_WARN_QUOTED_INCLUDE_IN_FRAMEWORK_HEADER = YES;
				CLANG_WARN_RANGE_LOOP_ANALYSIS = YES;
				CLANG_WARN_STRICT_PROTOTYPES = YES;
				CLANG_WARN_SUSPICIOUS_MOVE = YES;
				CLANG_WARN_UNGUARDED_AVAILABILITY = YES_AGGRESSIVE;
				CLANG_WARN_UNREACHABLE_CODE = YES;
				CLANG_WARN__DUPLICATE_METHOD_MATCH = YES;
				COPY_PHASE_STRIP = NO;
				DEBUG_INFORMATION_FORMAT = "dwarf-with-dsym";
				ENABLE_NS_ASSERTIONS = NO;
				ENABLE_STRICT_OBJC_MSGSEND = YES;
				GCC_C_LANGUAGE_STANDARD = gnu11;
				GCC_NO_COMMON_BLOCKS = YES;
				GCC_WARN_64_TO_32_BIT_CONVERSION = YES;
				GCC_WARN_ABOUT_RETURN_TYPE = YES_ERROR;
				GCC_WARN_UNDECLARED_SELECTOR = YES;
				GCC_WARN_UNINITIALIZED_AUTOS = YES_AGGRESSIVE;
				GCC_WARN_UNUSED_FUNCTION = YES;
				GCC_WARN_UNUSED_VARIABLE = YES;
				IPHONEOS_DEPLOYMENT_TARGET = 14.1;
				MTL_ENABLE_DEBUG_INFO = NO;
				MTL_FAST_MATH = YES;
				SDKROOT = iphoneos;
				SWIFT_COMPILATION_MODE = wholemodule;
				SWIFT_OPTIMIZATION_LEVEL = "-O";
				VALIDATE_PRODUCT = YES;
			};
			name = Release;
		};
		954002972566931C000C89D6 /* Debug */ = {
			isa = XCBuildConfiguration;
			buildSettings = {
				ASSETCATALOG_COMPILER_APPICON_NAME = AppIcon;
				ASSETCATALOG_COMPILER_GLOBAL_ACCENT_COLOR_NAME = AccentColor;
				CODE_SIGN_STYLE = Automatic;
				DEVELOPMENT_ASSET_PATHS = "\"iMovies/Preview Content\"";
				DEVELOPMENT_TEAM = F27HQ4FLX4;
				ENABLE_PREVIEWS = YES;
				ENABLE_TESTING_SEARCH_PATHS = YES;
				INFOPLIST_FILE = iMovies/Resources/Info.plist;
				LD_RUNPATH_SEARCH_PATHS = (
					"$(inherited)",
					"@executable_path/Frameworks",
				);
				PRODUCT_BUNDLE_IDENTIFIER = com.charlienguyen.iMovies;
				PRODUCT_NAME = "$(TARGET_NAME)";
				SWIFT_PRECOMPILE_BRIDGING_HEADER = YES;
				SWIFT_VERSION = 5.0;
				TARGETED_DEVICE_FAMILY = "1,2";
			};
			name = Debug;
		};
		954002982566931C000C89D6 /* Release */ = {
			isa = XCBuildConfiguration;
			buildSettings = {
				ASSETCATALOG_COMPILER_APPICON_NAME = AppIcon;
				ASSETCATALOG_COMPILER_GLOBAL_ACCENT_COLOR_NAME = AccentColor;
				CODE_SIGN_STYLE = Automatic;
				DEVELOPMENT_ASSET_PATHS = "\"iMovies/Preview Content\"";
				DEVELOPMENT_TEAM = F27HQ4FLX4;
				ENABLE_PREVIEWS = YES;
				ENABLE_TESTING_SEARCH_PATHS = YES;
				INFOPLIST_FILE = iMovies/Resources/Info.plist;
				LD_RUNPATH_SEARCH_PATHS = (
					"$(inherited)",
					"@executable_path/Frameworks",
				);
				PRODUCT_BUNDLE_IDENTIFIER = com.charlienguyen.iMovies;
				PRODUCT_NAME = "$(TARGET_NAME)";
				SWIFT_PRECOMPILE_BRIDGING_HEADER = YES;
				SWIFT_VERSION = 5.0;
				TARGETED_DEVICE_FAMILY = "1,2";
			};
			name = Release;
		};
		95CDCE5D265D00B20092F540 /* Debug */ = {
			isa = XCBuildConfiguration;
			buildSettings = {
				BUNDLE_LOADER = "$(TEST_HOST)";
				CODE_SIGN_STYLE = Automatic;
				DEVELOPMENT_TEAM = F27HQ4FLX4;
				INFOPLIST_FILE = MoviesTests/Info.plist;
				IPHONEOS_DEPLOYMENT_TARGET = 14.4;
				LD_RUNPATH_SEARCH_PATHS = (
					"$(inherited)",
					"@executable_path/Frameworks",
					"@loader_path/Frameworks",
				);
				PRODUCT_BUNDLE_IDENTIFIER = com.charlienguyen.MoviesTests;
				PRODUCT_NAME = "$(TARGET_NAME)";
				SWIFT_VERSION = 5.0;
				TARGETED_DEVICE_FAMILY = "1,2";
				TEST_HOST = "$(BUILT_PRODUCTS_DIR)/iMovies.app/iMovies";
			};
			name = Debug;
		};
		95CDCE5E265D00B20092F540 /* Release */ = {
			isa = XCBuildConfiguration;
			buildSettings = {
				BUNDLE_LOADER = "$(TEST_HOST)";
				CODE_SIGN_STYLE = Automatic;
				DEVELOPMENT_TEAM = F27HQ4FLX4;
				INFOPLIST_FILE = MoviesTests/Info.plist;
				IPHONEOS_DEPLOYMENT_TARGET = 14.4;
				LD_RUNPATH_SEARCH_PATHS = (
					"$(inherited)",
					"@executable_path/Frameworks",
					"@loader_path/Frameworks",
				);
				PRODUCT_BUNDLE_IDENTIFIER = com.charlienguyen.MoviesTests;
				PRODUCT_NAME = "$(TARGET_NAME)";
				SWIFT_VERSION = 5.0;
				TARGETED_DEVICE_FAMILY = "1,2";
				TEST_HOST = "$(BUILT_PRODUCTS_DIR)/iMovies.app/iMovies";
			};
			name = Release;
		};
/* End XCBuildConfiguration section */

/* Begin XCConfigurationList section */
		9540027D2566931A000C89D6 /* Build configuration list for PBXProject "iMovies" */ = {
			isa = XCConfigurationList;
			buildConfigurations = (
				954002942566931C000C89D6 /* Debug */,
				954002952566931C000C89D6 /* Release */,
			);
			defaultConfigurationIsVisible = 0;
			defaultConfigurationName = Release;
		};
		954002962566931C000C89D6 /* Build configuration list for PBXNativeTarget "iMovies" */ = {
			isa = XCConfigurationList;
			buildConfigurations = (
				954002972566931C000C89D6 /* Debug */,
				954002982566931C000C89D6 /* Release */,
			);
			defaultConfigurationIsVisible = 0;
			defaultConfigurationName = Release;
		};
		95CDCE5C265D00B20092F540 /* Build configuration list for PBXNativeTarget "MoviesTests" */ = {
			isa = XCConfigurationList;
			buildConfigurations = (
				95CDCE5D265D00B20092F540 /* Debug */,
				95CDCE5E265D00B20092F540 /* Release */,
			);
			defaultConfigurationIsVisible = 0;
			defaultConfigurationName = Release;
		};
/* End XCConfigurationList section */

/* Begin XCRemoteSwiftPackageReference section */
		954002B625669537000C89D6 /* XCRemoteSwiftPackageReference "Alamofire" */ = {
			isa = XCRemoteSwiftPackageReference;
			repositoryURL = "https://github.com/Alamofire/Alamofire.git";
			requirement = {
				kind = upToNextMajorVersion;
				minimumVersion = 5.4.0;
			};
		};
		954002BA25669554000C89D6 /* XCRemoteSwiftPackageReference "url-image" */ = {
			isa = XCRemoteSwiftPackageReference;
			repositoryURL = "https://github.com/dmytro-anokhin/url-image";
			requirement = {
				kind = upToNextMajorVersion;
				minimumVersion = 2.1.9;
			};
		};
/* End XCRemoteSwiftPackageReference section */

/* Begin XCSwiftPackageProductDependency section */
		954002B725669537000C89D6 /* Alamofire */ = {
			isa = XCSwiftPackageProductDependency;
			package = 954002B625669537000C89D6 /* XCRemoteSwiftPackageReference "Alamofire" */;
			productName = Alamofire;
		};
		954002BB25669554000C89D6 /* URLImage */ = {
			isa = XCSwiftPackageProductDependency;
			package = 954002BA25669554000C89D6 /* XCRemoteSwiftPackageReference "url-image" */;
			productName = URLImage;
		};
/* End XCSwiftPackageProductDependency section */
	};
	rootObject = 9540027A2566931A000C89D6 /* Project object */;
}
